// !$*UTF8*$!
{
	archiveVersion = 1;
	classes = {
	};
	objectVersion = 50;
	objects = {

/* Begin PBXBuildFile section */
		183F6BEC21562BA500D3EC63 /* main.cpp in Sources */ = {isa = PBXBuildFile; fileRef = 183F6BEB21562BA500D3EC63 /* main.cpp */; };
		183F6C0221587D5D00D3EC63 /* Demo1_1_1_strStr.cpp in Sources */ = {isa = PBXBuildFile; fileRef = 183F6C0021587D5D00D3EC63 /* Demo1_1_1_strStr.cpp */; };
		183F6C6F2159396300D3EC63 /* Demo1_1_2_reverseString.cpp in Sources */ = {isa = PBXBuildFile; fileRef = 183F6C6D2159396300D3EC63 /* Demo1_1_2_reverseString.cpp */; };
		183F6C742159408A00D3EC63 /* Demo1_2_1_deleteArrRepeat.cpp in Sources */ = {isa = PBXBuildFile; fileRef = 183F6C722159408A00D3EC63 /* Demo1_2_1_deleteArrRepeat.cpp */; };
		18A01E01215B2BDD0083EC54 /* CommonTools.cpp in Sources */ = {isa = PBXBuildFile; fileRef = 18A01DFF215B2BDD0083EC54 /* CommonTools.cpp */; };
		18A01E22215BDFE90083EC54 /* Demo1_2_2_middleNumForArr.cpp in Sources */ = {isa = PBXBuildFile; fileRef = 18A01E20215BDFE90083EC54 /* Demo1_2_2_middleNumForArr.cpp */; };
		18A01E27215C75490083EC54 /* Demo1_2_3_mergingTwoOrderlyArr.cpp in Sources */ = {isa = PBXBuildFile; fileRef = 18A01E25215C75490083EC54 /* Demo1_2_3_mergingTwoOrderlyArr.cpp */; };
/* End PBXBuildFile section */

/* Begin PBXCopyFilesBuildPhase section */
		183F6BE621562BA500D3EC63 /* CopyFiles */ = {
			isa = PBXCopyFilesBuildPhase;
			buildActionMask = 2147483647;
			dstPath = /usr/share/man/man1/;
			dstSubfolderSpec = 0;
			files = (
			);
			runOnlyForDeploymentPostprocessing = 1;
		};
/* End PBXCopyFilesBuildPhase section */

/* Begin PBXFileReference section */
		183F6BE821562BA500D3EC63 /* AlgorithmicPractice */ = {isa = PBXFileReference; explicitFileType = "compiled.mach-o.executable"; includeInIndex = 0; path = AlgorithmicPractice; sourceTree = BUILT_PRODUCTS_DIR; };
		183F6BEB21562BA500D3EC63 /* main.cpp */ = {isa = PBXFileReference; lastKnownFileType = sourcecode.cpp.cpp; path = main.cpp; sourceTree = "<group>"; };
		183F6BFB2157EE0400D3EC63 /* README.md */ = {isa = PBXFileReference; fileEncoding = 4; lastKnownFileType = net.daringfireball.markdown; path = README.md; sourceTree = "<group>"; };
		183F6C0021587D5D00D3EC63 /* Demo1_1_1_strStr.cpp */ = {isa = PBXFileReference; lastKnownFileType = sourcecode.cpp.cpp; path = Demo1_1_1_strStr.cpp; sourceTree = "<group>"; };
		183F6C0121587D5D00D3EC63 /* Demo1_1_1_strStr.hpp */ = {isa = PBXFileReference; lastKnownFileType = sourcecode.cpp.h; path = Demo1_1_1_strStr.hpp; sourceTree = "<group>"; };
		183F6C6D2159396300D3EC63 /* Demo1_1_2_reverseString.cpp */ = {isa = PBXFileReference; lastKnownFileType = sourcecode.cpp.cpp; path = Demo1_1_2_reverseString.cpp; sourceTree = "<group>"; };
		183F6C6E2159396300D3EC63 /* Demo1_1_2_reverseString.hpp */ = {isa = PBXFileReference; lastKnownFileType = sourcecode.cpp.h; path = Demo1_1_2_reverseString.hpp; sourceTree = "<group>"; };
		183F6C702159399100D3EC63 /* README.md */ = {isa = PBXFileReference; fileEncoding = 4; lastKnownFileType = net.daringfireball.markdown; path = README.md; sourceTree = "<group>"; };
		183F6C722159408A00D3EC63 /* Demo1_2_1_deleteArrRepeat.cpp */ = {isa = PBXFileReference; lastKnownFileType = sourcecode.cpp.cpp; path = Demo1_2_1_deleteArrRepeat.cpp; sourceTree = "<group>"; };
		183F6C732159408A00D3EC63 /* Demo1_2_1_deleteArrRepeat.hpp */ = {isa = PBXFileReference; lastKnownFileType = sourcecode.cpp.h; path = Demo1_2_1_deleteArrRepeat.hpp; sourceTree = "<group>"; };
		183F6C75215940ED00D3EC63 /* README.md */ = {isa = PBXFileReference; fileEncoding = 4; lastKnownFileType = net.daringfireball.markdown; path = README.md; sourceTree = "<group>"; };
		18A01DFF215B2BDD0083EC54 /* CommonTools.cpp */ = {isa = PBXFileReference; lastKnownFileType = sourcecode.cpp.cpp; path = CommonTools.cpp; sourceTree = "<group>"; };
		18A01E00215B2BDD0083EC54 /* CommonTools.hpp */ = {isa = PBXFileReference; lastKnownFileType = sourcecode.cpp.h; path = CommonTools.hpp; sourceTree = "<group>"; };
		18A01E20215BDFE90083EC54 /* Demo1_2_2_middleNumForArr.cpp */ = {isa = PBXFileReference; lastKnownFileType = sourcecode.cpp.cpp; path = Demo1_2_2_middleNumForArr.cpp; sourceTree = "<group>"; };
		18A01E21215BDFE90083EC54 /* Demo1_2_2_middleNumForArr.hpp */ = {isa = PBXFileReference; lastKnownFileType = sourcecode.cpp.h; path = Demo1_2_2_middleNumForArr.hpp; sourceTree = "<group>"; };
		18A01E23215BE0480083EC54 /* README.md */ = {isa = PBXFileReference; fileEncoding = 4; lastKnownFileType = net.daringfireball.markdown; path = README.md; sourceTree = "<group>"; };
		18A01E25215C75490083EC54 /* Demo1_2_3_mergingTwoOrderlyArr.cpp */ = {isa = PBXFileReference; lastKnownFileType = sourcecode.cpp.cpp; path = Demo1_2_3_mergingTwoOrderlyArr.cpp; sourceTree = "<group>"; };
		18A01E26215C75490083EC54 /* Demo1_2_3_mergingTwoOrderlyArr.hpp */ = {isa = PBXFileReference; lastKnownFileType = sourcecode.cpp.h; path = Demo1_2_3_mergingTwoOrderlyArr.hpp; sourceTree = "<group>"; };
		18A01E28215C75610083EC54 /* README.md */ = {isa = PBXFileReference; fileEncoding = 4; lastKnownFileType = net.daringfireball.markdown; path = README.md; sourceTree = "<group>"; };
/* End PBXFileReference section */

/* Begin PBXFrameworksBuildPhase section */
		183F6BE521562BA500D3EC63 /* Frameworks */ = {
			isa = PBXFrameworksBuildPhase;
			buildActionMask = 2147483647;
			files = (
			);
			runOnlyForDeploymentPostprocessing = 0;
		};
/* End PBXFrameworksBuildPhase section */

/* Begin PBXGroup section */
		183F6BDF21562BA500D3EC63 = {
			isa = PBXGroup;
			children = (
				183F6BEA21562BA500D3EC63 /* AlgorithmicPractice */,
				183F6BE921562BA500D3EC63 /* Products */,
			);
			sourceTree = "<group>";
		};
		183F6BE921562BA500D3EC63 /* Products */ = {
			isa = PBXGroup;
			children = (
				183F6BE821562BA500D3EC63 /* AlgorithmicPractice */,
			);
			name = Products;
			sourceTree = "<group>";
		};
		183F6BEA21562BA500D3EC63 /* AlgorithmicPractice */ = {
			isa = PBXGroup;
			children = (
				183F6BEB21562BA500D3EC63 /* main.cpp */,
				18A01DFE215B2BBB0083EC54 /* Common */,
				183F6C03215884B900D3EC63 /* Demo2 */,
				183F6BF521572F4A00D3EC63 /* Demo1 */,
			);
			path = AlgorithmicPractice;
			sourceTree = "<group>";
		};
		183F6BF521572F4A00D3EC63 /* Demo1 */ = {
			isa = PBXGroup;
			children = (
				183F6BF82157EE0400D3EC63 /* Array */,
				183F6BF92157EE0400D3EC63 /* String */,
			);
			path = Demo1;
			sourceTree = "<group>";
		};
		183F6BF82157EE0400D3EC63 /* Array */ = {
			isa = PBXGroup;
			children = (
				18A01E24215C74FF0083EC54 /* Demo1_2_3 */,
				18A01E1F215BDFBD0083EC54 /* Demo1_2_2 */,
				183F6C712159405100D3EC63 /* Demo1_2_1 */,
			);
			path = Array;
			sourceTree = "<group>";
		};
		183F6BF92157EE0400D3EC63 /* String */ = {
			isa = PBXGroup;
			children = (
				183F6C6B215938EC00D3EC63 /* Demo1_1_1 */,
				183F6C6C2159390700D3EC63 /* Demo1_1_2 */,
			);
			path = String;
			sourceTree = "<group>";
		};
		183F6C03215884B900D3EC63 /* Demo2 */ = {
			isa = PBXGroup;
			children = (
			);
			path = Demo2;
			sourceTree = "<group>";
		};
		183F6C6B215938EC00D3EC63 /* Demo1_1_1 */ = {
			isa = PBXGroup;
			children = (
				183F6BFB2157EE0400D3EC63 /* README.md */,
				183F6C0021587D5D00D3EC63 /* Demo1_1_1_strStr.cpp */,
				183F6C0121587D5D00D3EC63 /* Demo1_1_1_strStr.hpp */,
			);
			path = Demo1_1_1;
			sourceTree = "<group>";
		};
		183F6C6C2159390700D3EC63 /* Demo1_1_2 */ = {
			isa = PBXGroup;
			children = (
				183F6C702159399100D3EC63 /* README.md */,
				183F6C6D2159396300D3EC63 /* Demo1_1_2_reverseString.cpp */,
				183F6C6E2159396300D3EC63 /* Demo1_1_2_reverseString.hpp */,
			);
			path = Demo1_1_2;
			sourceTree = "<group>";
		};
		183F6C712159405100D3EC63 /* Demo1_2_1 */ = {
			isa = PBXGroup;
			children = (
				183F6C75215940ED00D3EC63 /* README.md */,
				183F6C722159408A00D3EC63 /* Demo1_2_1_deleteArrRepeat.cpp */,
				183F6C732159408A00D3EC63 /* Demo1_2_1_deleteArrRepeat.hpp */,
			);
			path = Demo1_2_1;
			sourceTree = "<group>";
		};
		18A01DFE215B2BBB0083EC54 /* Common */ = {
			isa = PBXGroup;
			children = (
				18A01DFF215B2BDD0083EC54 /* CommonTools.cpp */,
				18A01E00215B2BDD0083EC54 /* CommonTools.hpp */,
			);
			path = Common;
			sourceTree = "<group>";
		};
		18A01E1F215BDFBD0083EC54 /* Demo1_2_2 */ = {
			isa = PBXGroup;
			children = (
				18A01E23215BE0480083EC54 /* README.md */,
				18A01E20215BDFE90083EC54 /* Demo1_2_2_middleNumForArr.cpp */,
				18A01E21215BDFE90083EC54 /* Demo1_2_2_middleNumForArr.hpp */,
			);
			path = Demo1_2_2;
			sourceTree = "<group>";
		};
		18A01E24215C74FF0083EC54 /* Demo1_2_3 */ = {
			isa = PBXGroup;
			children = (
				18A01E28215C75610083EC54 /* README.md */,
				18A01E25215C75490083EC54 /* Demo1_2_3_mergingTwoOrderlyArr.cpp */,
				18A01E26215C75490083EC54 /* Demo1_2_3_mergingTwoOrderlyArr.hpp */,
			);
			path = Demo1_2_3;
			sourceTree = "<group>";
		};
/* End PBXGroup section */

/* Begin PBXNativeTarget section */
		183F6BE721562BA500D3EC63 /* AlgorithmicPractice */ = {
			isa = PBXNativeTarget;
			buildConfigurationList = 183F6BEF21562BA500D3EC63 /* Build configuration list for PBXNativeTarget "AlgorithmicPractice" */;
			buildPhases = (
				183F6BE421562BA500D3EC63 /* Sources */,
				183F6BE521562BA500D3EC63 /* Frameworks */,
				183F6BE621562BA500D3EC63 /* CopyFiles */,
			);
			buildRules = (
			);
			dependencies = (
			);
			name = AlgorithmicPractice;
			productName = AlgorithmicPractice;
			productReference = 183F6BE821562BA500D3EC63 /* AlgorithmicPractice */;
			productType = "com.apple.product-type.tool";
		};
/* End PBXNativeTarget section */

/* Begin PBXProject section */
		183F6BE021562BA500D3EC63 /* Project object */ = {
			isa = PBXProject;
			attributes = {
				LastUpgradeCheck = 0940;
				ORGANIZATIONNAME = personal;
				TargetAttributes = {
					183F6BE721562BA500D3EC63 = {
						CreatedOnToolsVersion = 9.4.1;
					};
				};
			};
			buildConfigurationList = 183F6BE321562BA500D3EC63 /* Build configuration list for PBXProject "AlgorithmicPractice" */;
			compatibilityVersion = "Xcode 9.3";
			developmentRegion = en;
			hasScannedForEncodings = 0;
			knownRegions = (
				en,
			);
			mainGroup = 183F6BDF21562BA500D3EC63;
			productRefGroup = 183F6BE921562BA500D3EC63 /* Products */;
			projectDirPath = "";
			projectRoot = "";
			targets = (
				183F6BE721562BA500D3EC63 /* AlgorithmicPractice */,
			);
		};
/* End PBXProject section */

/* Begin PBXSourcesBuildPhase section */
		183F6BE421562BA500D3EC63 /* Sources */ = {
			isa = PBXSourcesBuildPhase;
			buildActionMask = 2147483647;
			files = (
				18A01E01215B2BDD0083EC54 /* CommonTools.cpp in Sources */,
				18A01E27215C75490083EC54 /* Demo1_2_3_mergingTwoOrderlyArr.cpp in Sources */,
				183F6C0221587D5D00D3EC63 /* Demo1_1_1_strStr.cpp in Sources */,
				18A01E22215BDFE90083EC54 /* Demo1_2_2_middleNumForArr.cpp in Sources */,
				183F6C742159408A00D3EC63 /* Demo1_2_1_deleteArrRepeat.cpp in Sources */,
				183F6BEC21562BA500D3EC63 /* main.cpp in Sources */,
				183F6C6F2159396300D3EC63 /* Demo1_1_2_reverseString.cpp in Sources */,
			);
			runOnlyForDeploymentPostprocessing = 0;
		};
/* End PBXSourcesBuildPhase section */

/* Begin XCBuildConfiguration section */
		183F6BED21562BA500D3EC63 /* Debug */ = {
			isa = XCBuildConfiguration;
			buildSettings = {
				ALWAYS_SEARCH_USER_PATHS = NO;
				CLANG_ANALYZER_NONNULL = YES;
				CLANG_ANALYZER_NUMBER_OBJECT_CONVERSION = YES_AGGRESSIVE;
				CLANG_CXX_LANGUAGE_STANDARD = "gnu++14";
				CLANG_CXX_LIBRARY = "libc++";
				CLANG_ENABLE_MODULES = YES;
				CLANG_ENABLE_OBJC_ARC = YES;
				CLANG_ENABLE_OBJC_WEAK = YES;
				CLANG_WARN_BLOCK_CAPTURE_AUTORELEASING = YES;
				CLANG_WARN_BOOL_CONVERSION = YES;
				CLANG_WARN_COMMA = YES;
				CLANG_WARN_CONSTANT_CONVERSION = YES;
				CLANG_WARN_DEPRECATED_OBJC_IMPLEMENTATIONS = YES;
				CLANG_WARN_DIRECT_OBJC_ISA_USAGE = YES_ERROR;
				CLANG_WARN_DOCUMENTATION_COMMENTS = YES;
				CLANG_WARN_EMPTY_BODY = YES;
				CLANG_WARN_ENUM_CONVERSION = YES;
				CLANG_WARN_INFINITE_RECURSION = YES;
				CLANG_WARN_INT_CONVERSION = YES;
				CLANG_WARN_NON_LITERAL_NULL_CONVERSION = YES;
				CLANG_WARN_OBJC_IMPLICIT_RETAIN_SELF = YES;
				CLANG_WARN_OBJC_LITERAL_CONVERSION = YES;
				CLANG_WARN_OBJC_ROOT_CLASS = YES_ERROR;
				CLANG_WARN_RANGE_LOOP_ANALYSIS = YES;
				CLANG_WARN_STRICT_PROTOTYPES = YES;
				CLANG_WARN_SUSPICIOUS_MOVE = YES;
				CLANG_WARN_UNGUARDED_AVAILABILITY = YES_AGGRESSIVE;
				CLANG_WARN_UNREACHABLE_CODE = YES;
				CLANG_WARN__DUPLICATE_METHOD_MATCH = YES;
				CODE_SIGN_IDENTITY = "-";
				COPY_PHASE_STRIP = NO;
				DEBUG_INFORMATION_FORMAT = dwarf;
				ENABLE_STRICT_OBJC_MSGSEND = YES;
				ENABLE_TESTABILITY = YES;
				GCC_C_LANGUAGE_STANDARD = gnu11;
				GCC_DYNAMIC_NO_PIC = NO;
				GCC_NO_COMMON_BLOCKS = YES;
				GCC_OPTIMIZATION_LEVEL = 0;
				GCC_PREPROCESSOR_DEFINITIONS = (
					"DEBUG=1",
					"$(inherited)",
				);
				GCC_WARN_64_TO_32_BIT_CONVERSION = YES;
				GCC_WARN_ABOUT_RETURN_TYPE = YES_ERROR;
				GCC_WARN_UNDECLARED_SELECTOR = YES;
				GCC_WARN_UNINITIALIZED_AUTOS = YES_AGGRESSIVE;
				GCC_WARN_UNUSED_FUNCTION = YES;
				GCC_WARN_UNUSED_VARIABLE = YES;
				MACOSX_DEPLOYMENT_TARGET = 10.13;
				MTL_ENABLE_DEBUG_INFO = YES;
				ONLY_ACTIVE_ARCH = YES;
				SDKROOT = macosx;
			};
			name = Debug;
		};
		183F6BEE21562BA500D3EC63 /* Release */ = {
			isa = XCBuildConfiguration;
			buildSettings = {
				ALWAYS_SEARCH_USER_PATHS = NO;
				CLANG_ANALYZER_NONNULL = YES;
				CLANG_ANALYZER_NUMBER_OBJECT_CONVERSION = YES_AGGRESSIVE;
				CLANG_CXX_LANGUAGE_STANDARD = "gnu++14";
				CLANG_CXX_LIBRARY = "libc++";
				CLANG_ENABLE_MODULES = YES;
				CLANG_ENABLE_OBJC_ARC = YES;
				CLANG_ENABLE_OBJC_WEAK = YES;
				CLANG_WARN_BLOCK_CAPTURE_AUTORELEASING = YES;
				CLANG_WARN_BOOL_CONVERSION = YES;
				CLANG_WARN_COMMA = YES;
				CLANG_WARN_CONSTANT_CONVERSION = YES;
				CLANG_WARN_DEPRECATED_OBJC_IMPLEMENTATIONS = YES;
				CLANG_WARN_DIRECT_OBJC_ISA_USAGE = YES_ERROR;
				CLANG_WARN_DOCUMENTATION_COMMENTS = YES;
				CLANG_WARN_EMPTY_BODY = YES;
				CLANG_WARN_ENUM_CONVERSION = YES;
				CLANG_WARN_INFINITE_RECURSION = YES;
				CLANG_WARN_INT_CONVERSION = YES;
				CLANG_WARN_NON_LITERAL_NULL_CONVERSION = YES;
				CLANG_WARN_OBJC_IMPLICIT_RETAIN_SELF = YES;
				CLANG_WARN_OBJC_LITERAL_CONVERSION = YES;
				CLANG_WARN_OBJC_ROOT_CLASS = YES_ERROR;
				CLANG_WARN_RANGE_LOOP_ANALYSIS = YES;
				CLANG_WARN_STRICT_PROTOTYPES = YES;
				CLANG_WARN_SUSPICIOUS_MOVE = YES;
				CLANG_WARN_UNGUARDED_AVAILABILITY = YES_AGGRESSIVE;
				CLANG_WARN_UNREACHABLE_CODE = YES;
				CLANG_WARN__DUPLICATE_METHOD_MATCH = YES;
				CODE_SIGN_IDENTITY = "-";
				COPY_PHASE_STRIP = NO;
				DEBUG_INFORMATION_FORMAT = "dwarf-with-dsym";
				ENABLE_NS_ASSERTIONS = NO;
				ENABLE_STRICT_OBJC_MSGSEND = YES;
				GCC_C_LANGUAGE_STANDARD = gnu11;
				GCC_NO_COMMON_BLOCKS = YES;
				GCC_WARN_64_TO_32_BIT_CONVERSION = YES;
				GCC_WARN_ABOUT_RETURN_TYPE = YES_ERROR;
				GCC_WARN_UNDECLARED_SELECTOR = YES;
				GCC_WARN_UNINITIALIZED_AUTOS = YES_AGGRESSIVE;
				GCC_WARN_UNUSED_FUNCTION = YES;
				GCC_WARN_UNUSED_VARIABLE = YES;
				MACOSX_DEPLOYMENT_TARGET = 10.13;
				MTL_ENABLE_DEBUG_INFO = NO;
				SDKROOT = macosx;
			};
			name = Release;
		};
		183F6BF021562BA500D3EC63 /* Debug */ = {
			isa = XCBuildConfiguration;
			buildSettings = {
				CODE_SIGN_STYLE = Automatic;
				PRODUCT_NAME = "$(TARGET_NAME)";
			};
			name = Debug;
		};
		183F6BF121562BA500D3EC63 /* Release */ = {
			isa = XCBuildConfiguration;
			buildSettings = {
				CODE_SIGN_STYLE = Automatic;
				PRODUCT_NAME = "$(TARGET_NAME)";
			};
			name = Release;
		};
/* End XCBuildConfiguration section */

/* Begin XCConfigurationList section */
		183F6BE321562BA500D3EC63 /* Build configuration list for PBXProject "AlgorithmicPractice" */ = {
			isa = XCConfigurationList;
			buildConfigurations = (
				183F6BED21562BA500D3EC63 /* Debug */,
				183F6BEE21562BA500D3EC63 /* Release */,
			);
			defaultConfigurationIsVisible = 0;
			defaultConfigurationName = Release;
		};
		183F6BEF21562BA500D3EC63 /* Build configuration list for PBXNativeTarget "AlgorithmicPractice" */ = {
			isa = XCConfigurationList;
			buildConfigurations = (
				183F6BF021562BA500D3EC63 /* Debug */,
				183F6BF121562BA500D3EC63 /* Release */,
			);
			defaultConfigurationIsVisible = 0;
			defaultConfigurationName = Release;
		};
/* End XCConfigurationList section */
	};
	rootObject = 183F6BE021562BA500D3EC63 /* Project object */;
}
