// !$*UTF8*$!
{
	archiveVersion = 1;
	classes = {
	};
	objectVersion = 50;
	objects = {

/* Begin PBXBuildFile section */
		182588DC22196EA80059726C /* Demo2_2_twoNumberAdd.cpp in Sources */ = {isa = PBXBuildFile; fileRef = 182588DA22196EA80059726C /* Demo2_2_twoNumberAdd.cpp */; };
		18323869221C57A40033AF7B /* Demo2_3_LinkedListCycle.cpp in Sources */ = {isa = PBXBuildFile; fileRef = 18323867221C57A40033AF7B /* Demo2_3_LinkedListCycle.cpp */; };
		1832386E221CF9190033AF7B /* Demo2_4_MergeTwoSortedLists.cpp in Sources */ = {isa = PBXBuildFile; fileRef = 1832386C221CF9190033AF7B /* Demo2_4_MergeTwoSortedLists.cpp */; };
		18323877221CFFAC0033AF7B /* Demo5_1_SortList.cpp in Sources */ = {isa = PBXBuildFile; fileRef = 18323875221CFFAC0033AF7B /* Demo5_1_SortList.cpp */; };
		18323897221D91B00033AF7B /* Demo4_1_MaximumDepthOfBinaryTree.cpp in Sources */ = {isa = PBXBuildFile; fileRef = 18323895221D91B00033AF7B /* Demo4_1_MaximumDepthOfBinaryTree.cpp */; };
		1832389B221D937E0033AF7B /* Demo4_2_InvertBinaryTree.cpp in Sources */ = {isa = PBXBuildFile; fileRef = 18323899221D937E0033AF7B /* Demo4_2_InvertBinaryTree.cpp */; };
		183238A0221D99A10033AF7B /* Demo4_3_BalancedBinaryTree.cpp in Sources */ = {isa = PBXBuildFile; fileRef = 1832389E221D99A10033AF7B /* Demo4_3_BalancedBinaryTree.cpp */; };
		183238A5221D9B040033AF7B /* Demo4_4_SymmetricTree.cpp in Sources */ = {isa = PBXBuildFile; fileRef = 183238A3221D9B040033AF7B /* Demo4_4_SymmetricTree.cpp */; };
		183238AB221D9D500033AF7B /* Demo4_5_SameTree.cpp in Sources */ = {isa = PBXBuildFile; fileRef = 183238A9221D9D500033AF7B /* Demo4_5_SameTree.cpp */; };
		1835F9C2221EDC08007C8A3A /* Demo5_2_sort.cpp in Sources */ = {isa = PBXBuildFile; fileRef = 1835F9C0221EDC08007C8A3A /* Demo5_2_sort.cpp */; };
		1835F9D3221FB9E2007C8A3A /* Demo7_1_ClimbingStairs.cpp in Sources */ = {isa = PBXBuildFile; fileRef = 1835F9D1221FB9E2007C8A3A /* Demo7_1_ClimbingStairs.cpp */; };
		1835F9ED22217E75007C8A3A /* Demo2_5_deletListNNode.cpp in Sources */ = {isa = PBXBuildFile; fileRef = 1835F9EB22217E75007C8A3A /* Demo2_5_deletListNNode.cpp */; };
		1835F9F222218878007C8A3A /* Demo2_6_middleNodeForList.cpp in Sources */ = {isa = PBXBuildFile; fileRef = 1835F9F022218878007C8A3A /* Demo2_6_middleNodeForList.cpp */; };
		1835F9F72222BA0D007C8A3A /* Demo1_2_7_ThreeNumSum.cpp in Sources */ = {isa = PBXBuildFile; fileRef = 1835F9F52222BA0D007C8A3A /* Demo1_2_7_ThreeNumSum.cpp */; };
		1835F9FC2222BF8A007C8A3A /* Demo1_2_5_MajorityElement.cpp in Sources */ = {isa = PBXBuildFile; fileRef = 1835F9FA2222BF8A007C8A3A /* Demo1_2_5_MajorityElement.cpp */; };
		183F6BEC21562BA500D3EC63 /* main.cpp in Sources */ = {isa = PBXBuildFile; fileRef = 183F6BEB21562BA500D3EC63 /* main.cpp */; };
		183F6C0221587D5D00D3EC63 /* Demo1_1_1_strStr.cpp in Sources */ = {isa = PBXBuildFile; fileRef = 183F6C0021587D5D00D3EC63 /* Demo1_1_1_strStr.cpp */; };
		183F6C6F2159396300D3EC63 /* Demo1_1_2_reverseString.cpp in Sources */ = {isa = PBXBuildFile; fileRef = 183F6C6D2159396300D3EC63 /* Demo1_1_2_reverseString.cpp */; };
		183F6C742159408A00D3EC63 /* Demo1_2_1_deleteArrRepeat.cpp in Sources */ = {isa = PBXBuildFile; fileRef = 183F6C722159408A00D3EC63 /* Demo1_2_1_deleteArrRepeat.cpp */; };
		18A01E01215B2BDD0083EC54 /* CommonTools.cpp in Sources */ = {isa = PBXBuildFile; fileRef = 18A01DFF215B2BDD0083EC54 /* CommonTools.cpp */; };
		18A01E22215BDFE90083EC54 /* Demo1_2_2_middleNumForArr.cpp in Sources */ = {isa = PBXBuildFile; fileRef = 18A01E20215BDFE90083EC54 /* Demo1_2_2_middleNumForArr.cpp */; };
		18A01E27215C75490083EC54 /* Demo1_2_3_mergingTwoOrderlyArr.cpp in Sources */ = {isa = PBXBuildFile; fileRef = 18A01E25215C75490083EC54 /* Demo1_2_3_mergingTwoOrderlyArr.cpp */; };
		18A01E31215E4BF60083EC54 /* Demo2_1_singleLinkedListFlip.cpp in Sources */ = {isa = PBXBuildFile; fileRef = 18A01E2F215E4BF60083EC54 /* Demo2_1_singleLinkedListFlip.cpp */; };
/* End PBXBuildFile section */

/* Begin PBXCopyFilesBuildPhase section */
		183F6BE621562BA500D3EC63 /* CopyFiles */ = {
			isa = PBXCopyFilesBuildPhase;
			buildActionMask = 2147483647;
			dstPath = /usr/share/man/man1/;
			dstSubfolderSpec = 0;
			files = (
			);
			runOnlyForDeploymentPostprocessing = 1;
		};
/* End PBXCopyFilesBuildPhase section */

/* Begin PBXFileReference section */
		182588DA22196EA80059726C /* Demo2_2_twoNumberAdd.cpp */ = {isa = PBXFileReference; lastKnownFileType = sourcecode.cpp.cpp; path = Demo2_2_twoNumberAdd.cpp; sourceTree = "<group>"; };
		182588DB22196EA80059726C /* Demo2_2_twoNumberAdd.hpp */ = {isa = PBXFileReference; lastKnownFileType = sourcecode.cpp.h; path = Demo2_2_twoNumberAdd.hpp; sourceTree = "<group>"; };
		182588DD22196ED20059726C /* README.md */ = {isa = PBXFileReference; fileEncoding = 4; lastKnownFileType = net.daringfireball.markdown; path = README.md; sourceTree = "<group>"; };
		182588DE221973720059726C /* README.md */ = {isa = PBXFileReference; fileEncoding = 4; lastKnownFileType = net.daringfireball.markdown; name = README.md; path = ../../README.md; sourceTree = "<group>"; };
		18323867221C57A40033AF7B /* Demo2_3_LinkedListCycle.cpp */ = {isa = PBXFileReference; lastKnownFileType = sourcecode.cpp.cpp; path = Demo2_3_LinkedListCycle.cpp; sourceTree = "<group>"; };
		18323868221C57A40033AF7B /* Demo2_3_LinkedListCycle.hpp */ = {isa = PBXFileReference; lastKnownFileType = sourcecode.cpp.h; path = Demo2_3_LinkedListCycle.hpp; sourceTree = "<group>"; };
		1832386A221C57C70033AF7B /* README.md */ = {isa = PBXFileReference; fileEncoding = 4; lastKnownFileType = net.daringfireball.markdown; path = README.md; sourceTree = "<group>"; };
		1832386C221CF9190033AF7B /* Demo2_4_MergeTwoSortedLists.cpp */ = {isa = PBXFileReference; lastKnownFileType = sourcecode.cpp.cpp; path = Demo2_4_MergeTwoSortedLists.cpp; sourceTree = "<group>"; };
		1832386D221CF9190033AF7B /* Demo2_4_MergeTwoSortedLists.hpp */ = {isa = PBXFileReference; lastKnownFileType = sourcecode.cpp.h; path = Demo2_4_MergeTwoSortedLists.hpp; sourceTree = "<group>"; };
		1832386F221CF93B0033AF7B /* README.md */ = {isa = PBXFileReference; fileEncoding = 4; lastKnownFileType = net.daringfireball.markdown; path = README.md; sourceTree = "<group>"; };
		18323875221CFFAC0033AF7B /* Demo5_1_SortList.cpp */ = {isa = PBXFileReference; lastKnownFileType = sourcecode.cpp.cpp; path = Demo5_1_SortList.cpp; sourceTree = "<group>"; };
		18323876221CFFAC0033AF7B /* Demo5_1_SortList.hpp */ = {isa = PBXFileReference; lastKnownFileType = sourcecode.cpp.h; path = Demo5_1_SortList.hpp; sourceTree = "<group>"; };
		18323878221CFFDD0033AF7B /* README.md */ = {isa = PBXFileReference; fileEncoding = 4; lastKnownFileType = net.daringfireball.markdown; path = README.md; sourceTree = "<group>"; };
		18323895221D91B00033AF7B /* Demo4_1_MaximumDepthOfBinaryTree.cpp */ = {isa = PBXFileReference; lastKnownFileType = sourcecode.cpp.cpp; path = Demo4_1_MaximumDepthOfBinaryTree.cpp; sourceTree = "<group>"; };
		18323896221D91B00033AF7B /* Demo4_1_MaximumDepthOfBinaryTree.hpp */ = {isa = PBXFileReference; lastKnownFileType = sourcecode.cpp.h; path = Demo4_1_MaximumDepthOfBinaryTree.hpp; sourceTree = "<group>"; };
		18323898221D91DC0033AF7B /* README.md */ = {isa = PBXFileReference; fileEncoding = 4; lastKnownFileType = net.daringfireball.markdown; path = README.md; sourceTree = "<group>"; };
		18323899221D937E0033AF7B /* Demo4_2_InvertBinaryTree.cpp */ = {isa = PBXFileReference; lastKnownFileType = sourcecode.cpp.cpp; path = Demo4_2_InvertBinaryTree.cpp; sourceTree = "<group>"; };
		1832389A221D937E0033AF7B /* Demo4_2_InvertBinaryTree.hpp */ = {isa = PBXFileReference; lastKnownFileType = sourcecode.cpp.h; path = Demo4_2_InvertBinaryTree.hpp; sourceTree = "<group>"; };
		1832389C221D938C0033AF7B /* README.md */ = {isa = PBXFileReference; fileEncoding = 4; lastKnownFileType = net.daringfireball.markdown; path = README.md; sourceTree = "<group>"; };
		1832389E221D99A10033AF7B /* Demo4_3_BalancedBinaryTree.cpp */ = {isa = PBXFileReference; lastKnownFileType = sourcecode.cpp.cpp; path = Demo4_3_BalancedBinaryTree.cpp; sourceTree = "<group>"; };
		1832389F221D99A10033AF7B /* Demo4_3_BalancedBinaryTree.hpp */ = {isa = PBXFileReference; lastKnownFileType = sourcecode.cpp.h; path = Demo4_3_BalancedBinaryTree.hpp; sourceTree = "<group>"; };
		183238A1221D99C00033AF7B /* README.md */ = {isa = PBXFileReference; fileEncoding = 4; lastKnownFileType = net.daringfireball.markdown; path = README.md; sourceTree = "<group>"; };
		183238A3221D9B040033AF7B /* Demo4_4_SymmetricTree.cpp */ = {isa = PBXFileReference; lastKnownFileType = sourcecode.cpp.cpp; path = Demo4_4_SymmetricTree.cpp; sourceTree = "<group>"; };
		183238A4221D9B040033AF7B /* Demo4_4_SymmetricTree.hpp */ = {isa = PBXFileReference; lastKnownFileType = sourcecode.cpp.h; path = Demo4_4_SymmetricTree.hpp; sourceTree = "<group>"; };
		183238A6221D9B2D0033AF7B /* README.md */ = {isa = PBXFileReference; fileEncoding = 4; lastKnownFileType = net.daringfireball.markdown; path = README.md; sourceTree = "<group>"; };
		183238A8221D9C770033AF7B /* README.md */ = {isa = PBXFileReference; fileEncoding = 4; lastKnownFileType = net.daringfireball.markdown; path = README.md; sourceTree = "<group>"; };
		183238A9221D9D500033AF7B /* Demo4_5_SameTree.cpp */ = {isa = PBXFileReference; lastKnownFileType = sourcecode.cpp.cpp; path = Demo4_5_SameTree.cpp; sourceTree = "<group>"; };
		183238AA221D9D500033AF7B /* Demo4_5_SameTree.hpp */ = {isa = PBXFileReference; lastKnownFileType = sourcecode.cpp.h; path = Demo4_5_SameTree.hpp; sourceTree = "<group>"; };
		1835F9BC221EDA73007C8A3A /* 排序比较图.png */ = {isa = PBXFileReference; lastKnownFileType = image.png; path = "排序比较图.png"; sourceTree = "<group>"; };
		1835F9C0221EDC08007C8A3A /* Demo5_2_sort.cpp */ = {isa = PBXFileReference; lastKnownFileType = sourcecode.cpp.cpp; path = Demo5_2_sort.cpp; sourceTree = "<group>"; };
		1835F9C1221EDC08007C8A3A /* Demo5_2_sort.hpp */ = {isa = PBXFileReference; lastKnownFileType = sourcecode.cpp.h; path = Demo5_2_sort.hpp; sourceTree = "<group>"; };
		1835F9C4221EDC95007C8A3A /* README.md */ = {isa = PBXFileReference; fileEncoding = 4; lastKnownFileType = net.daringfireball.markdown; path = README.md; sourceTree = "<group>"; };
		1835F9C6221EDC95007C8A3A /* README.md */ = {isa = PBXFileReference; fileEncoding = 4; lastKnownFileType = net.daringfireball.markdown; path = README.md; sourceTree = "<group>"; };
		1835F9C8221EDC95007C8A3A /* README.md */ = {isa = PBXFileReference; fileEncoding = 4; lastKnownFileType = net.daringfireball.markdown; path = README.md; sourceTree = "<group>"; };
		1835F9CA221EDC95007C8A3A /* README.md */ = {isa = PBXFileReference; fileEncoding = 4; lastKnownFileType = net.daringfireball.markdown; path = README.md; sourceTree = "<group>"; };
		1835F9CC221EDC95007C8A3A /* README.md */ = {isa = PBXFileReference; fileEncoding = 4; lastKnownFileType = net.daringfireball.markdown; path = README.md; sourceTree = "<group>"; };
		1835F9CD221EDCA3007C8A3A /* README.md */ = {isa = PBXFileReference; fileEncoding = 4; lastKnownFileType = net.daringfireball.markdown; path = README.md; sourceTree = "<group>"; };
		1835F9CF221FAD1C007C8A3A /* README.md */ = {isa = PBXFileReference; fileEncoding = 4; lastKnownFileType = net.daringfireball.markdown; path = README.md; sourceTree = "<group>"; };
		1835F9D1221FB9E2007C8A3A /* Demo7_1_ClimbingStairs.cpp */ = {isa = PBXFileReference; lastKnownFileType = sourcecode.cpp.cpp; path = Demo7_1_ClimbingStairs.cpp; sourceTree = "<group>"; };
		1835F9D2221FB9E2007C8A3A /* Demo7_1_ClimbingStairs.hpp */ = {isa = PBXFileReference; lastKnownFileType = sourcecode.cpp.h; path = Demo7_1_ClimbingStairs.hpp; sourceTree = "<group>"; };
		1835F9D4221FBA05007C8A3A /* README.md */ = {isa = PBXFileReference; fileEncoding = 4; lastKnownFileType = net.daringfireball.markdown; path = README.md; sourceTree = "<group>"; };
		1835F9EB22217E75007C8A3A /* Demo2_5_deletListNNode.cpp */ = {isa = PBXFileReference; lastKnownFileType = sourcecode.cpp.cpp; path = Demo2_5_deletListNNode.cpp; sourceTree = "<group>"; };
		1835F9EC22217E75007C8A3A /* Demo2_5_deletListNNode.hpp */ = {isa = PBXFileReference; lastKnownFileType = sourcecode.cpp.h; path = Demo2_5_deletListNNode.hpp; sourceTree = "<group>"; };
		1835F9EE22217E96007C8A3A /* README.md */ = {isa = PBXFileReference; fileEncoding = 4; lastKnownFileType = net.daringfireball.markdown; path = README.md; sourceTree = "<group>"; };
		1835F9F022218878007C8A3A /* Demo2_6_middleNodeForList.cpp */ = {isa = PBXFileReference; lastKnownFileType = sourcecode.cpp.cpp; path = Demo2_6_middleNodeForList.cpp; sourceTree = "<group>"; };
		1835F9F122218878007C8A3A /* Demo2_6_middleNodeForList.hpp */ = {isa = PBXFileReference; lastKnownFileType = sourcecode.cpp.h; path = Demo2_6_middleNodeForList.hpp; sourceTree = "<group>"; };
		1835F9F322218892007C8A3A /* README.md */ = {isa = PBXFileReference; fileEncoding = 4; lastKnownFileType = net.daringfireball.markdown; path = README.md; sourceTree = "<group>"; };
		1835F9F52222BA0D007C8A3A /* Demo1_2_7_ThreeNumSum.cpp */ = {isa = PBXFileReference; lastKnownFileType = sourcecode.cpp.cpp; path = Demo1_2_7_ThreeNumSum.cpp; sourceTree = "<group>"; };
		1835F9F62222BA0D007C8A3A /* Demo1_2_7_ThreeNumSum.hpp */ = {isa = PBXFileReference; lastKnownFileType = sourcecode.cpp.h; path = Demo1_2_7_ThreeNumSum.hpp; sourceTree = "<group>"; };
		1835F9F82222BA2A007C8A3A /* README.md */ = {isa = PBXFileReference; fileEncoding = 4; lastKnownFileType = net.daringfireball.markdown; path = README.md; sourceTree = "<group>"; };
		1835F9FA2222BF8A007C8A3A /* Demo1_2_5_MajorityElement.cpp */ = {isa = PBXFileReference; lastKnownFileType = sourcecode.cpp.cpp; path = Demo1_2_5_MajorityElement.cpp; sourceTree = "<group>"; };
		1835F9FB2222BF8A007C8A3A /* Demo1_2_5_MajorityElement.hpp */ = {isa = PBXFileReference; lastKnownFileType = sourcecode.cpp.h; path = Demo1_2_5_MajorityElement.hpp; sourceTree = "<group>"; };
		1835F9FD2222BF9F007C8A3A /* README.md */ = {isa = PBXFileReference; fileEncoding = 4; lastKnownFileType = net.daringfireball.markdown; path = README.md; sourceTree = "<group>"; };
		183F6BE821562BA500D3EC63 /* AlgorithmicPractice */ = {isa = PBXFileReference; explicitFileType = "compiled.mach-o.executable"; includeInIndex = 0; path = AlgorithmicPractice; sourceTree = BUILT_PRODUCTS_DIR; };
		183F6BEB21562BA500D3EC63 /* main.cpp */ = {isa = PBXFileReference; lastKnownFileType = sourcecode.cpp.cpp; path = main.cpp; sourceTree = "<group>"; };
		183F6BFB2157EE0400D3EC63 /* README.md */ = {isa = PBXFileReference; fileEncoding = 4; lastKnownFileType = net.daringfireball.markdown; path = README.md; sourceTree = "<group>"; };
		183F6C0021587D5D00D3EC63 /* Demo1_1_1_strStr.cpp */ = {isa = PBXFileReference; lastKnownFileType = sourcecode.cpp.cpp; path = Demo1_1_1_strStr.cpp; sourceTree = "<group>"; };
		183F6C0121587D5D00D3EC63 /* Demo1_1_1_strStr.hpp */ = {isa = PBXFileReference; lastKnownFileType = sourcecode.cpp.h; path = Demo1_1_1_strStr.hpp; sourceTree = "<group>"; };
		183F6C6D2159396300D3EC63 /* Demo1_1_2_reverseString.cpp */ = {isa = PBXFileReference; lastKnownFileType = sourcecode.cpp.cpp; path = Demo1_1_2_reverseString.cpp; sourceTree = "<group>"; };
		183F6C6E2159396300D3EC63 /* Demo1_1_2_reverseString.hpp */ = {isa = PBXFileReference; lastKnownFileType = sourcecode.cpp.h; path = Demo1_1_2_reverseString.hpp; sourceTree = "<group>"; };
		183F6C702159399100D3EC63 /* README.md */ = {isa = PBXFileReference; fileEncoding = 4; lastKnownFileType = net.daringfireball.markdown; path = README.md; sourceTree = "<group>"; };
		183F6C722159408A00D3EC63 /* Demo1_2_1_deleteArrRepeat.cpp */ = {isa = PBXFileReference; lastKnownFileType = sourcecode.cpp.cpp; path = Demo1_2_1_deleteArrRepeat.cpp; sourceTree = "<group>"; };
		183F6C732159408A00D3EC63 /* Demo1_2_1_deleteArrRepeat.hpp */ = {isa = PBXFileReference; lastKnownFileType = sourcecode.cpp.h; path = Demo1_2_1_deleteArrRepeat.hpp; sourceTree = "<group>"; };
		183F6C75215940ED00D3EC63 /* README.md */ = {isa = PBXFileReference; fileEncoding = 4; lastKnownFileType = net.daringfireball.markdown; path = README.md; sourceTree = "<group>"; };
		18A01DFF215B2BDD0083EC54 /* CommonTools.cpp */ = {isa = PBXFileReference; lastKnownFileType = sourcecode.cpp.cpp; path = CommonTools.cpp; sourceTree = "<group>"; };
		18A01E00215B2BDD0083EC54 /* CommonTools.hpp */ = {isa = PBXFileReference; lastKnownFileType = sourcecode.cpp.h; path = CommonTools.hpp; sourceTree = "<group>"; };
		18A01E20215BDFE90083EC54 /* Demo1_2_2_middleNumForArr.cpp */ = {isa = PBXFileReference; lastKnownFileType = sourcecode.cpp.cpp; path = Demo1_2_2_middleNumForArr.cpp; sourceTree = "<group>"; };
		18A01E21215BDFE90083EC54 /* Demo1_2_2_middleNumForArr.hpp */ = {isa = PBXFileReference; lastKnownFileType = sourcecode.cpp.h; path = Demo1_2_2_middleNumForArr.hpp; sourceTree = "<group>"; };
		18A01E23215BE0480083EC54 /* README.md */ = {isa = PBXFileReference; fileEncoding = 4; lastKnownFileType = net.daringfireball.markdown; path = README.md; sourceTree = "<group>"; };
		18A01E25215C75490083EC54 /* Demo1_2_3_mergingTwoOrderlyArr.cpp */ = {isa = PBXFileReference; lastKnownFileType = sourcecode.cpp.cpp; path = Demo1_2_3_mergingTwoOrderlyArr.cpp; sourceTree = "<group>"; };
		18A01E26215C75490083EC54 /* Demo1_2_3_mergingTwoOrderlyArr.hpp */ = {isa = PBXFileReference; lastKnownFileType = sourcecode.cpp.h; path = Demo1_2_3_mergingTwoOrderlyArr.hpp; sourceTree = "<group>"; };
		18A01E28215C75610083EC54 /* README.md */ = {isa = PBXFileReference; fileEncoding = 4; lastKnownFileType = net.daringfireball.markdown; path = README.md; sourceTree = "<group>"; };
		18A01E2F215E4BF60083EC54 /* Demo2_1_singleLinkedListFlip.cpp */ = {isa = PBXFileReference; lastKnownFileType = sourcecode.cpp.cpp; path = Demo2_1_singleLinkedListFlip.cpp; sourceTree = "<group>"; };
		18A01E30215E4BF60083EC54 /* Demo2_1_singleLinkedListFlip.hpp */ = {isa = PBXFileReference; lastKnownFileType = sourcecode.cpp.h; path = Demo2_1_singleLinkedListFlip.hpp; sourceTree = "<group>"; };
		18A01E32215E4C1C0083EC54 /* README.md */ = {isa = PBXFileReference; fileEncoding = 4; lastKnownFileType = net.daringfireball.markdown; path = README.md; sourceTree = "<group>"; };
/* End PBXFileReference section */

/* Begin PBXFrameworksBuildPhase section */
		183F6BE521562BA500D3EC63 /* Frameworks */ = {
			isa = PBXFrameworksBuildPhase;
			buildActionMask = 2147483647;
			files = (
			);
			runOnlyForDeploymentPostprocessing = 0;
		};
/* End PBXFrameworksBuildPhase section */

/* Begin PBXGroup section */
		182588D622196E3C0059726C /* Demo2_2 */ = {
			isa = PBXGroup;
			children = (
				182588DD22196ED20059726C /* README.md */,
				182588DA22196EA80059726C /* Demo2_2_twoNumberAdd.cpp */,
				182588DB22196EA80059726C /* Demo2_2_twoNumberAdd.hpp */,
			);
			path = Demo2_2;
			sourceTree = "<group>";
		};
		18323866221C57890033AF7B /* Demo2_3 */ = {
			isa = PBXGroup;
			children = (
				1832386A221C57C70033AF7B /* README.md */,
				18323867221C57A40033AF7B /* Demo2_3_LinkedListCycle.cpp */,
				18323868221C57A40033AF7B /* Demo2_3_LinkedListCycle.hpp */,
			);
			path = Demo2_3;
			sourceTree = "<group>";
		};
		1832386B221CF8ED0033AF7B /* Demo2_4 */ = {
			isa = PBXGroup;
			children = (
				1832386F221CF93B0033AF7B /* README.md */,
				1832386C221CF9190033AF7B /* Demo2_4_MergeTwoSortedLists.cpp */,
				1832386D221CF9190033AF7B /* Demo2_4_MergeTwoSortedLists.hpp */,
			);
			path = Demo2_4;
			sourceTree = "<group>";
		};
		18323870221CFF070033AF7B /* Demo4 */ = {
			isa = PBXGroup;
			children = (
				183238A7221D9C4A0033AF7B /* Demo4_5 */,
				183238A2221D9AE90033AF7B /* Demo4_4 */,
				1832389D221D94AB0033AF7B /* Demo4_3 */,
				18323894221D8F6A0033AF7B /* Demo4_2 */,
				18323893221D8F5D0033AF7B /* Demo4_1 */,
			);
			path = Demo4;
			sourceTree = "<group>";
		};
		18323871221CFF4D0033AF7B /* Demo6 */ = {
			isa = PBXGroup;
			children = (
			);
			path = Demo6;
			sourceTree = "<group>";
		};
		18323872221CFF4D0033AF7B /* Demo5 */ = {
			isa = PBXGroup;
			children = (
				1835F9B8221ED857007C8A3A /* Demo5_2 */,
				18323874221CFF750033AF7B /* Demo5_1 */,
			);
			path = Demo5;
			sourceTree = "<group>";
		};
		18323873221CFF4D0033AF7B /* Demo7 */ = {
			isa = PBXGroup;
			children = (
				1835F9D0221FB9C8007C8A3A /* Demo7_1 */,
			);
			path = Demo7;
			sourceTree = "<group>";
		};
		18323874221CFF750033AF7B /* Demo5_1 */ = {
			isa = PBXGroup;
			children = (
				18323878221CFFDD0033AF7B /* README.md */,
				18323875221CFFAC0033AF7B /* Demo5_1_SortList.cpp */,
				18323876221CFFAC0033AF7B /* Demo5_1_SortList.hpp */,
			);
			path = Demo5_1;
			sourceTree = "<group>";
		};
		18323893221D8F5D0033AF7B /* Demo4_1 */ = {
			isa = PBXGroup;
			children = (
				18323898221D91DC0033AF7B /* README.md */,
				18323895221D91B00033AF7B /* Demo4_1_MaximumDepthOfBinaryTree.cpp */,
				18323896221D91B00033AF7B /* Demo4_1_MaximumDepthOfBinaryTree.hpp */,
			);
			path = Demo4_1;
			sourceTree = "<group>";
		};
		18323894221D8F6A0033AF7B /* Demo4_2 */ = {
			isa = PBXGroup;
			children = (
				1832389C221D938C0033AF7B /* README.md */,
				18323899221D937E0033AF7B /* Demo4_2_InvertBinaryTree.cpp */,
				1832389A221D937E0033AF7B /* Demo4_2_InvertBinaryTree.hpp */,
			);
			path = Demo4_2;
			sourceTree = "<group>";
		};
		1832389D221D94AB0033AF7B /* Demo4_3 */ = {
			isa = PBXGroup;
			children = (
				183238A1221D99C00033AF7B /* README.md */,
				1832389E221D99A10033AF7B /* Demo4_3_BalancedBinaryTree.cpp */,
				1832389F221D99A10033AF7B /* Demo4_3_BalancedBinaryTree.hpp */,
			);
			path = Demo4_3;
			sourceTree = "<group>";
		};
		183238A2221D9AE90033AF7B /* Demo4_4 */ = {
			isa = PBXGroup;
			children = (
				183238A6221D9B2D0033AF7B /* README.md */,
				183238A3221D9B040033AF7B /* Demo4_4_SymmetricTree.cpp */,
				183238A4221D9B040033AF7B /* Demo4_4_SymmetricTree.hpp */,
			);
			path = Demo4_4;
			sourceTree = "<group>";
		};
		183238A7221D9C4A0033AF7B /* Demo4_5 */ = {
			isa = PBXGroup;
			children = (
				183238A8221D9C770033AF7B /* README.md */,
				183238A9221D9D500033AF7B /* Demo4_5_SameTree.cpp */,
				183238AA221D9D500033AF7B /* Demo4_5_SameTree.hpp */,
			);
			path = Demo4_5;
			sourceTree = "<group>";
		};
		1835F9B8221ED857007C8A3A /* Demo5_2 */ = {
			isa = PBXGroup;
			children = (
				1835F9C7221EDC95007C8A3A /* Demo5_2_1 */,
				1835F9CB221EDC95007C8A3A /* Demo5_2_2 */,
				1835F9C9221EDC95007C8A3A /* Demo5_2_3 */,
				1835F9C3221EDC95007C8A3A /* Demo5_2_4 */,
				1835F9C5221EDC95007C8A3A /* Demo5_2_5 */,
				1835F9CE221FACEA007C8A3A /* Demo5_2_6 */,
				1835F9BC221EDA73007C8A3A /* 排序比较图.png */,
				1835F9C0221EDC08007C8A3A /* Demo5_2_sort.cpp */,
				1835F9C1221EDC08007C8A3A /* Demo5_2_sort.hpp */,
				1835F9CD221EDCA3007C8A3A /* README.md */,
			);
			path = Demo5_2;
			sourceTree = "<group>";
		};
		1835F9C3221EDC95007C8A3A /* Demo5_2_4 */ = {
			isa = PBXGroup;
			children = (
				1835F9C4221EDC95007C8A3A /* README.md */,
			);
			path = Demo5_2_4;
			sourceTree = "<group>";
		};
		1835F9C5221EDC95007C8A3A /* Demo5_2_5 */ = {
			isa = PBXGroup;
			children = (
				1835F9C6221EDC95007C8A3A /* README.md */,
			);
			path = Demo5_2_5;
			sourceTree = "<group>";
		};
		1835F9C7221EDC95007C8A3A /* Demo5_2_1 */ = {
			isa = PBXGroup;
			children = (
				1835F9C8221EDC95007C8A3A /* README.md */,
			);
			path = Demo5_2_1;
			sourceTree = "<group>";
		};
		1835F9C9221EDC95007C8A3A /* Demo5_2_3 */ = {
			isa = PBXGroup;
			children = (
				1835F9CA221EDC95007C8A3A /* README.md */,
			);
			path = Demo5_2_3;
			sourceTree = "<group>";
		};
		1835F9CB221EDC95007C8A3A /* Demo5_2_2 */ = {
			isa = PBXGroup;
			children = (
				1835F9CC221EDC95007C8A3A /* README.md */,
			);
			path = Demo5_2_2;
			sourceTree = "<group>";
		};
		1835F9CE221FACEA007C8A3A /* Demo5_2_6 */ = {
			isa = PBXGroup;
			children = (
				1835F9CF221FAD1C007C8A3A /* README.md */,
			);
			path = Demo5_2_6;
			sourceTree = "<group>";
		};
		1835F9D0221FB9C8007C8A3A /* Demo7_1 */ = {
			isa = PBXGroup;
			children = (
				1835F9D4221FBA05007C8A3A /* README.md */,
				1835F9D1221FB9E2007C8A3A /* Demo7_1_ClimbingStairs.cpp */,
				1835F9D2221FB9E2007C8A3A /* Demo7_1_ClimbingStairs.hpp */,
			);
			path = Demo7_1;
			sourceTree = "<group>";
		};
		1835F9EA22217E53007C8A3A /* Demo2_5 */ = {
			isa = PBXGroup;
			children = (
				1835F9EE22217E96007C8A3A /* README.md */,
				1835F9EB22217E75007C8A3A /* Demo2_5_deletListNNode.cpp */,
				1835F9EC22217E75007C8A3A /* Demo2_5_deletListNNode.hpp */,
			);
			path = Demo2_5;
			sourceTree = "<group>";
		};
		1835F9EF22218854007C8A3A /* Demo2_6 */ = {
			isa = PBXGroup;
			children = (
				1835F9F322218892007C8A3A /* README.md */,
				1835F9F022218878007C8A3A /* Demo2_6_middleNodeForList.cpp */,
				1835F9F122218878007C8A3A /* Demo2_6_middleNodeForList.hpp */,
			);
			path = Demo2_6;
			sourceTree = "<group>";
		};
		1835F9F42222B9CC007C8A3A /* Demo1_2_4 */ = {
			isa = PBXGroup;
			children = (
				1835F9F82222BA2A007C8A3A /* README.md */,
				1835F9F52222BA0D007C8A3A /* Demo1_2_7_ThreeNumSum.cpp */,
				1835F9F62222BA0D007C8A3A /* Demo1_2_7_ThreeNumSum.hpp */,
			);
			path = Demo1_2_4;
			sourceTree = "<group>";
		};
		1835F9F92222BF69007C8A3A /* Demo1_2_5 */ = {
			isa = PBXGroup;
			children = (
				1835F9FD2222BF9F007C8A3A /* README.md */,
				1835F9FA2222BF8A007C8A3A /* Demo1_2_5_MajorityElement.cpp */,
				1835F9FB2222BF8A007C8A3A /* Demo1_2_5_MajorityElement.hpp */,
			);
			path = Demo1_2_5;
			sourceTree = "<group>";
		};
		183F6BDF21562BA500D3EC63 = {
			isa = PBXGroup;
			children = (
				183F6BEA21562BA500D3EC63 /* AlgorithmicPractice */,
				183F6BE921562BA500D3EC63 /* Products */,
			);
			sourceTree = "<group>";
		};
		183F6BE921562BA500D3EC63 /* Products */ = {
			isa = PBXGroup;
			children = (
				183F6BE821562BA500D3EC63 /* AlgorithmicPractice */,
			);
			name = Products;
			sourceTree = "<group>";
		};
		183F6BEA21562BA500D3EC63 /* AlgorithmicPractice */ = {
			isa = PBXGroup;
			children = (
				182588DE221973720059726C /* README.md */,
				183F6BEB21562BA500D3EC63 /* main.cpp */,
				18A01DFE215B2BBB0083EC54 /* Common */,
				18323873221CFF4D0033AF7B /* Demo7 */,
				18323871221CFF4D0033AF7B /* Demo6 */,
				18323872221CFF4D0033AF7B /* Demo5 */,
				18323870221CFF070033AF7B /* Demo4 */,
				18A01E2D215E4B7B0083EC54 /* Demo3 */,
				183F6C03215884B900D3EC63 /* Demo2 */,
				183F6BF521572F4A00D3EC63 /* Demo1 */,
			);
			path = AlgorithmicPractice;
			sourceTree = "<group>";
		};
		183F6BF521572F4A00D3EC63 /* Demo1 */ = {
			isa = PBXGroup;
			children = (
				183F6BF82157EE0400D3EC63 /* Array */,
				183F6BF92157EE0400D3EC63 /* String */,
			);
			path = Demo1;
			sourceTree = "<group>";
		};
		183F6BF82157EE0400D3EC63 /* Array */ = {
			isa = PBXGroup;
			children = (
				1835F9F92222BF69007C8A3A /* Demo1_2_5 */,
				1835F9F42222B9CC007C8A3A /* Demo1_2_4 */,
				18A01E24215C74FF0083EC54 /* Demo1_2_3 */,
				18A01E1F215BDFBD0083EC54 /* Demo1_2_2 */,
				183F6C712159405100D3EC63 /* Demo1_2_1 */,
			);
			path = Array;
			sourceTree = "<group>";
		};
		183F6BF92157EE0400D3EC63 /* String */ = {
			isa = PBXGroup;
			children = (
				183F6C6B215938EC00D3EC63 /* Demo1_1_1 */,
				183F6C6C2159390700D3EC63 /* Demo1_1_2 */,
			);
			path = String;
			sourceTree = "<group>";
		};
		183F6C03215884B900D3EC63 /* Demo2 */ = {
			isa = PBXGroup;
			children = (
				1835F9EF22218854007C8A3A /* Demo2_6 */,
				1835F9EA22217E53007C8A3A /* Demo2_5 */,
				1832386B221CF8ED0033AF7B /* Demo2_4 */,
				18323866221C57890033AF7B /* Demo2_3 */,
				182588D622196E3C0059726C /* Demo2_2 */,
				18A01E2E215E4BA20083EC54 /* Demo2_1 */,
			);
			path = Demo2;
			sourceTree = "<group>";
		};
		183F6C6B215938EC00D3EC63 /* Demo1_1_1 */ = {
			isa = PBXGroup;
			children = (
				183F6BFB2157EE0400D3EC63 /* README.md */,
				183F6C0021587D5D00D3EC63 /* Demo1_1_1_strStr.cpp */,
				183F6C0121587D5D00D3EC63 /* Demo1_1_1_strStr.hpp */,
			);
			path = Demo1_1_1;
			sourceTree = "<group>";
		};
		183F6C6C2159390700D3EC63 /* Demo1_1_2 */ = {
			isa = PBXGroup;
			children = (
				183F6C702159399100D3EC63 /* README.md */,
				183F6C6D2159396300D3EC63 /* Demo1_1_2_reverseString.cpp */,
				183F6C6E2159396300D3EC63 /* Demo1_1_2_reverseString.hpp */,
			);
			path = Demo1_1_2;
			sourceTree = "<group>";
		};
		183F6C712159405100D3EC63 /* Demo1_2_1 */ = {
			isa = PBXGroup;
			children = (
				183F6C75215940ED00D3EC63 /* README.md */,
				183F6C722159408A00D3EC63 /* Demo1_2_1_deleteArrRepeat.cpp */,
				183F6C732159408A00D3EC63 /* Demo1_2_1_deleteArrRepeat.hpp */,
			);
			path = Demo1_2_1;
			sourceTree = "<group>";
		};
		18A01DFE215B2BBB0083EC54 /* Common */ = {
			isa = PBXGroup;
			children = (
				18A01DFF215B2BDD0083EC54 /* CommonTools.cpp */,
				18A01E00215B2BDD0083EC54 /* CommonTools.hpp */,
			);
			path = Common;
			sourceTree = "<group>";
		};
		18A01E1F215BDFBD0083EC54 /* Demo1_2_2 */ = {
			isa = PBXGroup;
			children = (
				18A01E23215BE0480083EC54 /* README.md */,
				18A01E20215BDFE90083EC54 /* Demo1_2_2_middleNumForArr.cpp */,
				18A01E21215BDFE90083EC54 /* Demo1_2_2_middleNumForArr.hpp */,
			);
			path = Demo1_2_2;
			sourceTree = "<group>";
		};
		18A01E24215C74FF0083EC54 /* Demo1_2_3 */ = {
			isa = PBXGroup;
			children = (
				18A01E28215C75610083EC54 /* README.md */,
				18A01E25215C75490083EC54 /* Demo1_2_3_mergingTwoOrderlyArr.cpp */,
				18A01E26215C75490083EC54 /* Demo1_2_3_mergingTwoOrderlyArr.hpp */,
			);
			path = Demo1_2_3;
			sourceTree = "<group>";
		};
		18A01E2D215E4B7B0083EC54 /* Demo3 */ = {
			isa = PBXGroup;
			children = (
			);
			path = Demo3;
			sourceTree = "<group>";
		};
		18A01E2E215E4BA20083EC54 /* Demo2_1 */ = {
			isa = PBXGroup;
			children = (
				18A01E32215E4C1C0083EC54 /* README.md */,
				18A01E2F215E4BF60083EC54 /* Demo2_1_singleLinkedListFlip.cpp */,
				18A01E30215E4BF60083EC54 /* Demo2_1_singleLinkedListFlip.hpp */,
			);
			path = Demo2_1;
			sourceTree = "<group>";
		};
/* End PBXGroup section */

/* Begin PBXNativeTarget section */
		183F6BE721562BA500D3EC63 /* AlgorithmicPractice */ = {
			isa = PBXNativeTarget;
			buildConfigurationList = 183F6BEF21562BA500D3EC63 /* Build configuration list for PBXNativeTarget "AlgorithmicPractice" */;
			buildPhases = (
				183F6BE421562BA500D3EC63 /* Sources */,
				183F6BE521562BA500D3EC63 /* Frameworks */,
				183F6BE621562BA500D3EC63 /* CopyFiles */,
			);
			buildRules = (
			);
			dependencies = (
			);
			name = AlgorithmicPractice;
			productName = AlgorithmicPractice;
			productReference = 183F6BE821562BA500D3EC63 /* AlgorithmicPractice */;
			productType = "com.apple.product-type.tool";
		};
/* End PBXNativeTarget section */

/* Begin PBXProject section */
		183F6BE021562BA500D3EC63 /* Project object */ = {
			isa = PBXProject;
			attributes = {
				LastUpgradeCheck = 0940;
				ORGANIZATIONNAME = personal;
				TargetAttributes = {
					183F6BE721562BA500D3EC63 = {
						CreatedOnToolsVersion = 9.4.1;
					};
				};
			};
			buildConfigurationList = 183F6BE321562BA500D3EC63 /* Build configuration list for PBXProject "AlgorithmicPractice" */;
			compatibilityVersion = "Xcode 9.3";
			developmentRegion = en;
			hasScannedForEncodings = 0;
			knownRegions = (
				en,
			);
			mainGroup = 183F6BDF21562BA500D3EC63;
			productRefGroup = 183F6BE921562BA500D3EC63 /* Products */;
			projectDirPath = "";
			projectRoot = "";
			targets = (
				183F6BE721562BA500D3EC63 /* AlgorithmicPractice */,
			);
		};
/* End PBXProject section */

/* Begin PBXSourcesBuildPhase section */
		183F6BE421562BA500D3EC63 /* Sources */ = {
			isa = PBXSourcesBuildPhase;
			buildActionMask = 2147483647;
			files = (
				18A01E01215B2BDD0083EC54 /* CommonTools.cpp in Sources */,
				18A01E27215C75490083EC54 /* Demo1_2_3_mergingTwoOrderlyArr.cpp in Sources */,
				183238A5221D9B040033AF7B /* Demo4_4_SymmetricTree.cpp in Sources */,
				1835F9F72222BA0D007C8A3A /* Demo1_2_7_ThreeNumSum.cpp in Sources */,
				1835F9ED22217E75007C8A3A /* Demo2_5_deletListNNode.cpp in Sources */,
				18323877221CFFAC0033AF7B /* Demo5_1_SortList.cpp in Sources */,
				183F6C0221587D5D00D3EC63 /* Demo1_1_1_strStr.cpp in Sources */,
				1835F9C2221EDC08007C8A3A /* Demo5_2_sort.cpp in Sources */,
				183238AB221D9D500033AF7B /* Demo4_5_SameTree.cpp in Sources */,
				18A01E22215BDFE90083EC54 /* Demo1_2_2_middleNumForArr.cpp in Sources */,
				183F6C742159408A00D3EC63 /* Demo1_2_1_deleteArrRepeat.cpp in Sources */,
				1835F9D3221FB9E2007C8A3A /* Demo7_1_ClimbingStairs.cpp in Sources */,
				1835F9F222218878007C8A3A /* Demo2_6_middleNodeForList.cpp in Sources */,
				182588DC22196EA80059726C /* Demo2_2_twoNumberAdd.cpp in Sources */,
				183F6BEC21562BA500D3EC63 /* main.cpp in Sources */,
				18323897221D91B00033AF7B /* Demo4_1_MaximumDepthOfBinaryTree.cpp in Sources */,
				1832389B221D937E0033AF7B /* Demo4_2_InvertBinaryTree.cpp in Sources */,
				18A01E31215E4BF60083EC54 /* Demo2_1_singleLinkedListFlip.cpp in Sources */,
				183238A0221D99A10033AF7B /* Demo4_3_BalancedBinaryTree.cpp in Sources */,
				183F6C6F2159396300D3EC63 /* Demo1_1_2_reverseString.cpp in Sources */,
				18323869221C57A40033AF7B /* Demo2_3_LinkedListCycle.cpp in Sources */,
				1832386E221CF9190033AF7B /* Demo2_4_MergeTwoSortedLists.cpp in Sources */,
				1835F9FC2222BF8A007C8A3A /* Demo1_2_5_MajorityElement.cpp in Sources */,
			);
			runOnlyForDeploymentPostprocessing = 0;
		};
/* End PBXSourcesBuildPhase section */

/* Begin XCBuildConfiguration section */
		183F6BED21562BA500D3EC63 /* Debug */ = {
			isa = XCBuildConfiguration;
			buildSettings = {
				ALWAYS_SEARCH_USER_PATHS = NO;
				CLANG_ANALYZER_NONNULL = YES;
				CLANG_ANALYZER_NUMBER_OBJECT_CONVERSION = YES_AGGRESSIVE;
				CLANG_CXX_LANGUAGE_STANDARD = "gnu++14";
				CLANG_CXX_LIBRARY = "libc++";
				CLANG_ENABLE_MODULES = YES;
				CLANG_ENABLE_OBJC_ARC = YES;
				CLANG_ENABLE_OBJC_WEAK = YES;
				CLANG_WARN_BLOCK_CAPTURE_AUTORELEASING = YES;
				CLANG_WARN_BOOL_CONVERSION = YES;
				CLANG_WARN_COMMA = YES;
				CLANG_WARN_CONSTANT_CONVERSION = YES;
				CLANG_WARN_DEPRECATED_OBJC_IMPLEMENTATIONS = YES;
				CLANG_WARN_DIRECT_OBJC_ISA_USAGE = YES_ERROR;
				CLANG_WARN_DOCUMENTATION_COMMENTS = YES;
				CLANG_WARN_EMPTY_BODY = YES;
				CLANG_WARN_ENUM_CONVERSION = YES;
				CLANG_WARN_INFINITE_RECURSION = YES;
				CLANG_WARN_INT_CONVERSION = YES;
				CLANG_WARN_NON_LITERAL_NULL_CONVERSION = YES;
				CLANG_WARN_OBJC_IMPLICIT_RETAIN_SELF = YES;
				CLANG_WARN_OBJC_LITERAL_CONVERSION = YES;
				CLANG_WARN_OBJC_ROOT_CLASS = YES_ERROR;
				CLANG_WARN_RANGE_LOOP_ANALYSIS = YES;
				CLANG_WARN_STRICT_PROTOTYPES = YES;
				CLANG_WARN_SUSPICIOUS_MOVE = YES;
				CLANG_WARN_UNGUARDED_AVAILABILITY = YES_AGGRESSIVE;
				CLANG_WARN_UNREACHABLE_CODE = YES;
				CLANG_WARN__DUPLICATE_METHOD_MATCH = YES;
				CODE_SIGN_IDENTITY = "-";
				COPY_PHASE_STRIP = NO;
				DEBUG_INFORMATION_FORMAT = dwarf;
				ENABLE_STRICT_OBJC_MSGSEND = YES;
				ENABLE_TESTABILITY = YES;
				GCC_C_LANGUAGE_STANDARD = gnu11;
				GCC_DYNAMIC_NO_PIC = NO;
				GCC_NO_COMMON_BLOCKS = YES;
				GCC_OPTIMIZATION_LEVEL = 0;
				GCC_PREPROCESSOR_DEFINITIONS = (
					"DEBUG=1",
					"$(inherited)",
				);
				GCC_WARN_64_TO_32_BIT_CONVERSION = YES;
				GCC_WARN_ABOUT_RETURN_TYPE = YES_ERROR;
				GCC_WARN_UNDECLARED_SELECTOR = YES;
				GCC_WARN_UNINITIALIZED_AUTOS = YES_AGGRESSIVE;
				GCC_WARN_UNUSED_FUNCTION = YES;
				GCC_WARN_UNUSED_VARIABLE = YES;
				MACOSX_DEPLOYMENT_TARGET = 10.13;
				MTL_ENABLE_DEBUG_INFO = YES;
				ONLY_ACTIVE_ARCH = YES;
				SDKROOT = macosx;
			};
			name = Debug;
		};
		183F6BEE21562BA500D3EC63 /* Release */ = {
			isa = XCBuildConfiguration;
			buildSettings = {
				ALWAYS_SEARCH_USER_PATHS = NO;
				CLANG_ANALYZER_NONNULL = YES;
				CLANG_ANALYZER_NUMBER_OBJECT_CONVERSION = YES_AGGRESSIVE;
				CLANG_CXX_LANGUAGE_STANDARD = "gnu++14";
				CLANG_CXX_LIBRARY = "libc++";
				CLANG_ENABLE_MODULES = YES;
				CLANG_ENABLE_OBJC_ARC = YES;
				CLANG_ENABLE_OBJC_WEAK = YES;
				CLANG_WARN_BLOCK_CAPTURE_AUTORELEASING = YES;
				CLANG_WARN_BOOL_CONVERSION = YES;
				CLANG_WARN_COMMA = YES;
				CLANG_WARN_CONSTANT_CONVERSION = YES;
				CLANG_WARN_DEPRECATED_OBJC_IMPLEMENTATIONS = YES;
				CLANG_WARN_DIRECT_OBJC_ISA_USAGE = YES_ERROR;
				CLANG_WARN_DOCUMENTATION_COMMENTS = YES;
				CLANG_WARN_EMPTY_BODY = YES;
				CLANG_WARN_ENUM_CONVERSION = YES;
				CLANG_WARN_INFINITE_RECURSION = YES;
				CLANG_WARN_INT_CONVERSION = YES;
				CLANG_WARN_NON_LITERAL_NULL_CONVERSION = YES;
				CLANG_WARN_OBJC_IMPLICIT_RETAIN_SELF = YES;
				CLANG_WARN_OBJC_LITERAL_CONVERSION = YES;
				CLANG_WARN_OBJC_ROOT_CLASS = YES_ERROR;
				CLANG_WARN_RANGE_LOOP_ANALYSIS = YES;
				CLANG_WARN_STRICT_PROTOTYPES = YES;
				CLANG_WARN_SUSPICIOUS_MOVE = YES;
				CLANG_WARN_UNGUARDED_AVAILABILITY = YES_AGGRESSIVE;
				CLANG_WARN_UNREACHABLE_CODE = YES;
				CLANG_WARN__DUPLICATE_METHOD_MATCH = YES;
				CODE_SIGN_IDENTITY = "-";
				COPY_PHASE_STRIP = NO;
				DEBUG_INFORMATION_FORMAT = "dwarf-with-dsym";
				ENABLE_NS_ASSERTIONS = NO;
				ENABLE_STRICT_OBJC_MSGSEND = YES;
				GCC_C_LANGUAGE_STANDARD = gnu11;
				GCC_NO_COMMON_BLOCKS = YES;
				GCC_WARN_64_TO_32_BIT_CONVERSION = YES;
				GCC_WARN_ABOUT_RETURN_TYPE = YES_ERROR;
				GCC_WARN_UNDECLARED_SELECTOR = YES;
				GCC_WARN_UNINITIALIZED_AUTOS = YES_AGGRESSIVE;
				GCC_WARN_UNUSED_FUNCTION = YES;
				GCC_WARN_UNUSED_VARIABLE = YES;
				MACOSX_DEPLOYMENT_TARGET = 10.13;
				MTL_ENABLE_DEBUG_INFO = NO;
				SDKROOT = macosx;
			};
			name = Release;
		};
		183F6BF021562BA500D3EC63 /* Debug */ = {
			isa = XCBuildConfiguration;
			buildSettings = {
				CODE_SIGN_STYLE = Automatic;
				PRODUCT_NAME = "$(TARGET_NAME)";
			};
			name = Debug;
		};
		183F6BF121562BA500D3EC63 /* Release */ = {
			isa = XCBuildConfiguration;
			buildSettings = {
				CODE_SIGN_STYLE = Automatic;
				PRODUCT_NAME = "$(TARGET_NAME)";
			};
			name = Release;
		};
/* End XCBuildConfiguration section */

/* Begin XCConfigurationList section */
		183F6BE321562BA500D3EC63 /* Build configuration list for PBXProject "AlgorithmicPractice" */ = {
			isa = XCConfigurationList;
			buildConfigurations = (
				183F6BED21562BA500D3EC63 /* Debug */,
				183F6BEE21562BA500D3EC63 /* Release */,
			);
			defaultConfigurationIsVisible = 0;
			defaultConfigurationName = Release;
		};
		183F6BEF21562BA500D3EC63 /* Build configuration list for PBXNativeTarget "AlgorithmicPractice" */ = {
			isa = XCConfigurationList;
			buildConfigurations = (
				183F6BF021562BA500D3EC63 /* Debug */,
				183F6BF121562BA500D3EC63 /* Release */,
			);
			defaultConfigurationIsVisible = 0;
			defaultConfigurationName = Release;
		};
/* End XCConfigurationList section */
	};
	rootObject = 183F6BE021562BA500D3EC63 /* Project object */;
}
